// !$*UTF8*$!
{
	archiveVersion = 1;
	classes = {
	};
	objectVersion = 46;
	objects = {

/* Begin PBXBuildFile section */
		0A1E0A351E9D6CEF002365AF /* Default-568h@2x.png in Resources */ = {isa = PBXBuildFile; fileRef = 0A1E0A341E9D6CEF002365AF /* Default-568h@2x.png */; };
		0A8537AA1EA832D200185DFA /* CategoryViewController.swift in Sources */ = {isa = PBXBuildFile; fileRef = 0A8537A91EA832D200185DFA /* CategoryViewController.swift */; };
		0A8537AC1EA8331800185DFA /* CategoryCellView.swift in Sources */ = {isa = PBXBuildFile; fileRef = 0A8537AB1EA8331800185DFA /* CategoryCellView.swift */; };
		0A8688961E9C6862005D1B07 /* Parts.swift in Sources */ = {isa = PBXBuildFile; fileRef = 0A8688951E9C6862005D1B07 /* Parts.swift */; };
		0A8688981E9C6E13005D1B07 /* PartsList.swift in Sources */ = {isa = PBXBuildFile; fileRef = 0A8688971E9C6E13005D1B07 /* PartsList.swift */; };
		0A96FF461EA6D25500577128 /* MainBuilderView.swift in Sources */ = {isa = PBXBuildFile; fileRef = 0A96FF451EA6D25500577128 /* MainBuilderView.swift */; };
		0AA8A7731EAAA06500FFBBAA /* SpecificPartPageController.swift in Sources */ = {isa = PBXBuildFile; fileRef = 0AA8A7721EAAA06500FFBBAA /* SpecificPartPageController.swift */; };
		0AA8A7751EAAA1F800FFBBAA /* SpecificPartPageView.swift in Sources */ = {isa = PBXBuildFile; fileRef = 0AA8A7741EAAA1F800FFBBAA /* SpecificPartPageView.swift */; };
		0AC5AEA91EB425D0003E1E1E /* Library.json in Resources */ = {isa = PBXBuildFile; fileRef = 0AC5AEA81EB425D0003E1E1E /* Library.json */; };
		0AD7C0891EAD88F6007ACD4D /* UserBuilds.swift in Sources */ = {isa = PBXBuildFile; fileRef = 0AD7C0881EAD88F6007ACD4D /* UserBuilds.swift */; };
		0AF257471E982CCA00D9F312 /* AppDelegate.swift in Sources */ = {isa = PBXBuildFile; fileRef = 0AF257461E982CCA00D9F312 /* AppDelegate.swift */; };
		0AF257491E982CCA00D9F312 /* UserBuildsViewController.swift in Sources */ = {isa = PBXBuildFile; fileRef = 0AF257481E982CCA00D9F312 /* UserBuildsViewController.swift */; };
		0AF2574E1E982CCA00D9F312 /* Assets.xcassets in Resources */ = {isa = PBXBuildFile; fileRef = 0AF2574D1E982CCA00D9F312 /* Assets.xcassets */; };
		0AF257591E9840E900D9F312 /* BuildInterfaceViewController.swift in Sources */ = {isa = PBXBuildFile; fileRef = 0AF257581E9840E900D9F312 /* BuildInterfaceViewController.swift */; };
		0AF2575B1E98434E00D9F312 /* BuildInterfaceView.swift in Sources */ = {isa = PBXBuildFile; fileRef = 0AF2575A1E98434E00D9F312 /* BuildInterfaceView.swift */; };
		3D52D32F1EA7DB63002129CF /* BuildButtonsView.swift in Sources */ = {isa = PBXBuildFile; fileRef = 3D52D32E1EA7DB63002129CF /* BuildButtonsView.swift */; };
		3DB036B31E9C46CF003D7FAD /* NavigationFilterInterfaceViewController.swift in Sources */ = {isa = PBXBuildFile; fileRef = 3DB036B21E9C46CF003D7FAD /* NavigationFilterInterfaceViewController.swift */; };
		3DD626551EAD85E100AC7E8D /* CustomPartViewController.swift in Sources */ = {isa = PBXBuildFile; fileRef = 3DD626541EAD85E100AC7E8D /* CustomPartViewController.swift */; };
		3DD626571EAD85F100AC7E8D /* CustomPartView.swift in Sources */ = {isa = PBXBuildFile; fileRef = 3DD626561EAD85F100AC7E8D /* CustomPartView.swift */; };
		3DF992AB1EA695FA00EE8728 /* PartFilterInterfaceView.swift in Sources */ = {isa = PBXBuildFile; fileRef = 3DF992AA1EA695FA00EE8728 /* PartFilterInterfaceView.swift */; };
		3DF992AE1EA6974400EE8728 /* MainFilterView.swift in Sources */ = {isa = PBXBuildFile; fileRef = 3DF992AD1EA6974400EE8728 /* MainFilterView.swift */; };
/* End PBXBuildFile section */

/* Begin PBXFileReference section */
		0A1E0A341E9D6CEF002365AF /* Default-568h@2x.png */ = {isa = PBXFileReference; lastKnownFileType = image.png; path = "Default-568h@2x.png"; sourceTree = "<group>"; };
		0A8537A91EA832D200185DFA /* CategoryViewController.swift */ = {isa = PBXFileReference; fileEncoding = 4; lastKnownFileType = sourcecode.swift; path = CategoryViewController.swift; sourceTree = "<group>"; };
		0A8537AB1EA8331800185DFA /* CategoryCellView.swift */ = {isa = PBXFileReference; fileEncoding = 4; lastKnownFileType = sourcecode.swift; path = CategoryCellView.swift; sourceTree = "<group>"; };
		0A8688951E9C6862005D1B07 /* Parts.swift */ = {isa = PBXFileReference; fileEncoding = 4; lastKnownFileType = sourcecode.swift; path = Parts.swift; sourceTree = "<group>"; };
		0A8688971E9C6E13005D1B07 /* PartsList.swift */ = {isa = PBXFileReference; fileEncoding = 4; lastKnownFileType = sourcecode.swift; path = PartsList.swift; sourceTree = "<group>"; };
		0A96FF451EA6D25500577128 /* MainBuilderView.swift */ = {isa = PBXFileReference; fileEncoding = 4; lastKnownFileType = sourcecode.swift; path = MainBuilderView.swift; sourceTree = "<group>"; };
		0AA8A7721EAAA06500FFBBAA /* SpecificPartPageController.swift */ = {isa = PBXFileReference; fileEncoding = 4; lastKnownFileType = sourcecode.swift; path = SpecificPartPageController.swift; sourceTree = "<group>"; };
		0AA8A7741EAAA1F800FFBBAA /* SpecificPartPageView.swift */ = {isa = PBXFileReference; fileEncoding = 4; lastKnownFileType = sourcecode.swift; path = SpecificPartPageView.swift; sourceTree = "<group>"; };
		0AC5AEA81EB425D0003E1E1E /* Library.json */ = {isa = PBXFileReference; fileEncoding = 4; lastKnownFileType = text.json; name = Library.json; path = PCBuilderGuide/Library.json; sourceTree = "<group>"; };
		0AD7C0881EAD88F6007ACD4D /* UserBuilds.swift */ = {isa = PBXFileReference; fileEncoding = 4; lastKnownFileType = sourcecode.swift; path = UserBuilds.swift; sourceTree = "<group>"; };
		0AF257431E982CCA00D9F312 /* PCBuilderGuide.app */ = {isa = PBXFileReference; explicitFileType = wrapper.application; includeInIndex = 0; path = PCBuilderGuide.app; sourceTree = BUILT_PRODUCTS_DIR; };
		0AF257461E982CCA00D9F312 /* AppDelegate.swift */ = {isa = PBXFileReference; lastKnownFileType = sourcecode.swift; path = AppDelegate.swift; sourceTree = "<group>"; };
		0AF257481E982CCA00D9F312 /* UserBuildsViewController.swift */ = {isa = PBXFileReference; lastKnownFileType = sourcecode.swift; path = UserBuildsViewController.swift; sourceTree = "<group>"; };
		0AF2574D1E982CCA00D9F312 /* Assets.xcassets */ = {isa = PBXFileReference; lastKnownFileType = folder.assetcatalog; path = Assets.xcassets; sourceTree = "<group>"; };
		0AF257521E982CCA00D9F312 /* Info.plist */ = {isa = PBXFileReference; lastKnownFileType = text.plist.xml; path = Info.plist; sourceTree = "<group>"; };
		0AF257581E9840E900D9F312 /* BuildInterfaceViewController.swift */ = {isa = PBXFileReference; fileEncoding = 4; lastKnownFileType = sourcecode.swift; path = BuildInterfaceViewController.swift; sourceTree = "<group>"; };
		0AF2575A1E98434E00D9F312 /* BuildInterfaceView.swift */ = {isa = PBXFileReference; fileEncoding = 4; lastKnownFileType = sourcecode.swift; path = BuildInterfaceView.swift; sourceTree = "<group>"; };
		3D52D32E1EA7DB63002129CF /* BuildButtonsView.swift */ = {isa = PBXFileReference; fileEncoding = 4; lastKnownFileType = sourcecode.swift; path = BuildButtonsView.swift; sourceTree = "<group>"; };
		3DB036B21E9C46CF003D7FAD /* NavigationFilterInterfaceViewController.swift */ = {isa = PBXFileReference; fileEncoding = 4; lastKnownFileType = sourcecode.swift; path = NavigationFilterInterfaceViewController.swift; sourceTree = "<group>"; };
		3DD626541EAD85E100AC7E8D /* CustomPartViewController.swift */ = {isa = PBXFileReference; fileEncoding = 4; lastKnownFileType = sourcecode.swift; path = CustomPartViewController.swift; sourceTree = "<group>"; };
		3DD626561EAD85F100AC7E8D /* CustomPartView.swift */ = {isa = PBXFileReference; fileEncoding = 4; lastKnownFileType = sourcecode.swift; path = CustomPartView.swift; sourceTree = "<group>"; };
		3DF992AA1EA695FA00EE8728 /* PartFilterInterfaceView.swift */ = {isa = PBXFileReference; fileEncoding = 4; lastKnownFileType = sourcecode.swift; path = PartFilterInterfaceView.swift; sourceTree = "<group>"; };
		3DF992AD1EA6974400EE8728 /* MainFilterView.swift */ = {isa = PBXFileReference; fileEncoding = 4; lastKnownFileType = sourcecode.swift; path = MainFilterView.swift; sourceTree = "<group>"; };
/* End PBXFileReference section */

/* Begin PBXFrameworksBuildPhase section */
		0AF257401E982CC900D9F312 /* Frameworks */ = {
			isa = PBXFrameworksBuildPhase;
			buildActionMask = 2147483647;
			files = (
			);
			runOnlyForDeploymentPostprocessing = 0;
		};
/* End PBXFrameworksBuildPhase section */

/* Begin PBXGroup section */
		0A8537A81EA8328F00185DFA /* CategoryClasses */ = {
			isa = PBXGroup;
			children = (
				0A8537A91EA832D200185DFA /* CategoryViewController.swift */,
				0A8537AB1EA8331800185DFA /* CategoryCellView.swift */,
			);
			name = CategoryClasses;
			sourceTree = "<group>";
		};
		0AA8A7711EAAA03C00FFBBAA /* SpecificPartPage */ = {
			isa = PBXGroup;
			children = (
				0AA8A7721EAAA06500FFBBAA /* SpecificPartPageController.swift */,
				0AA8A7741EAAA1F800FFBBAA /* SpecificPartPageView.swift */,
			);
			name = SpecificPartPage;
			sourceTree = "<group>";
		};
		0AD7C0861EAD88CC007ACD4D /* PartsModel */ = {
			isa = PBXGroup;
			children = (
				0A8688951E9C6862005D1B07 /* Parts.swift */,
				0A8688971E9C6E13005D1B07 /* PartsList.swift */,
			);
			name = PartsModel;
			sourceTree = "<group>";
		};
		0AD7C0871EAD88DB007ACD4D /* UserBuilds */ = {
			isa = PBXGroup;
			children = (
				0AD7C0881EAD88F6007ACD4D /* UserBuilds.swift */,
			);
			name = UserBuilds;
			sourceTree = "<group>";
		};
		0AF2573A1E982CC900D9F312 = {
			isa = PBXGroup;
			children = (
				0AC5AEA81EB425D0003E1E1E /* Library.json */,
				0A1E0A341E9D6CEF002365AF /* Default-568h@2x.png */,
				0AF257451E982CCA00D9F312 /* PCBuilderGuide */,
				0AF257441E982CCA00D9F312 /* Products */,
			);
			sourceTree = "<group>";
		};
		0AF257441E982CCA00D9F312 /* Products */ = {
			isa = PBXGroup;
			children = (
				0AF257431E982CCA00D9F312 /* PCBuilderGuide.app */,
			);
			name = Products;
			sourceTree = "<group>";
		};
		0AF257451E982CCA00D9F312 /* PCBuilderGuide */ = {
			isa = PBXGroup;
			children = (
				0AF257461E982CCA00D9F312 /* AppDelegate.swift */,
				0AF257481E982CCA00D9F312 /* UserBuildsViewController.swift */,
				0AD7C0871EAD88DB007ACD4D /* UserBuilds */,
				0AD7C0861EAD88CC007ACD4D /* PartsModel */,
				3DD626531EAD85B100AC7E8D /* CustomPartPage */,
				3DF992AC1EA6960700EE8728 /* BuildInterfaceClasses */,
				3DF992A91EA695C400EE8728 /* NavigationFilterClasses */,
				0A8537A81EA8328F00185DFA /* CategoryClasses */,
				0AA8A7711EAAA03C00FFBBAA /* SpecificPartPage */,
				0AF2574D1E982CCA00D9F312 /* Assets.xcassets */,
				0AF257521E982CCA00D9F312 /* Info.plist */,
			);
			path = PCBuilderGuide;
			sourceTree = "<group>";
		};
		3DD626531EAD85B100AC7E8D /* CustomPartPage */ = {
			isa = PBXGroup;
			children = (
				3DD626541EAD85E100AC7E8D /* CustomPartViewController.swift */,
				3DD626561EAD85F100AC7E8D /* CustomPartView.swift */,
			);
			name = CustomPartPage;
			sourceTree = "<group>";
		};
		3DF992A91EA695C400EE8728 /* NavigationFilterClasses */ = {
			isa = PBXGroup;
			children = (
				3DB036B21E9C46CF003D7FAD /* NavigationFilterInterfaceViewController.swift */,
				3DF992AA1EA695FA00EE8728 /* PartFilterInterfaceView.swift */,
				3DF992AD1EA6974400EE8728 /* MainFilterView.swift */,
			);
			name = NavigationFilterClasses;
			sourceTree = "<group>";
		};
		3DF992AC1EA6960700EE8728 /* BuildInterfaceClasses */ = {
			isa = PBXGroup;
			children = (
				0AF257581E9840E900D9F312 /* BuildInterfaceViewController.swift */,
				0AF2575A1E98434E00D9F312 /* BuildInterfaceView.swift */,
				0A96FF451EA6D25500577128 /* MainBuilderView.swift */,
				3D52D32E1EA7DB63002129CF /* BuildButtonsView.swift */,
			);
			name = BuildInterfaceClasses;
			sourceTree = "<group>";
		};
/* End PBXGroup section */

/* Begin PBXNativeTarget section */
		0AF257421E982CC900D9F312 /* PCBuilderGuide */ = {
			isa = PBXNativeTarget;
			buildConfigurationList = 0AF257551E982CCA00D9F312 /* Build configuration list for PBXNativeTarget "PCBuilderGuide" */;
			buildPhases = (
				0AF2573F1E982CC900D9F312 /* Sources */,
				0AF257401E982CC900D9F312 /* Frameworks */,
				0AF257411E982CC900D9F312 /* Resources */,
			);
			buildRules = (
			);
			dependencies = (
			);
			name = PCBuilderGuide;
			productName = PCBuilderGuide;
			productReference = 0AF257431E982CCA00D9F312 /* PCBuilderGuide.app */;
			productType = "com.apple.product-type.application";
		};
/* End PBXNativeTarget section */

/* Begin PBXProject section */
		0AF2573B1E982CC900D9F312 /* Project object */ = {
			isa = PBXProject;
			attributes = {
				LastSwiftUpdateCheck = 0820;
				LastUpgradeCheck = 0820;
				ORGANIZATIONNAME = Fenn/Phelps;
				TargetAttributes = {
					0AF257421E982CC900D9F312 = {
						CreatedOnToolsVersion = 8.2;
						ProvisioningStyle = Automatic;
					};
				};
			};
			buildConfigurationList = 0AF2573E1E982CC900D9F312 /* Build configuration list for PBXProject "PCBuilderGuide" */;
			compatibilityVersion = "Xcode 3.2";
			developmentRegion = English;
			hasScannedForEncodings = 0;
			knownRegions = (
				en,
				Base,
			);
			mainGroup = 0AF2573A1E982CC900D9F312;
			productRefGroup = 0AF257441E982CCA00D9F312 /* Products */;
			projectDirPath = "";
			projectRoot = "";
			targets = (
				0AF257421E982CC900D9F312 /* PCBuilderGuide */,
			);
		};
/* End PBXProject section */

/* Begin PBXResourcesBuildPhase section */
		0AF257411E982CC900D9F312 /* Resources */ = {
			isa = PBXResourcesBuildPhase;
			buildActionMask = 2147483647;
			files = (
				0AC5AEA91EB425D0003E1E1E /* Library.json in Resources */,
				0AF2574E1E982CCA00D9F312 /* Assets.xcassets in Resources */,
				0A1E0A351E9D6CEF002365AF /* Default-568h@2x.png in Resources */,
			);
			runOnlyForDeploymentPostprocessing = 0;
		};
/* End PBXResourcesBuildPhase section */

/* Begin PBXSourcesBuildPhase section */
		0AF2573F1E982CC900D9F312 /* Sources */ = {
			isa = PBXSourcesBuildPhase;
			buildActionMask = 2147483647;
			files = (
				0A8688981E9C6E13005D1B07 /* PartsList.swift in Sources */,
				0AF257591E9840E900D9F312 /* BuildInterfaceViewController.swift in Sources */,
				3DF992AB1EA695FA00EE8728 /* PartFilterInterfaceView.swift in Sources */,
				3D52D32F1EA7DB63002129CF /* BuildButtonsView.swift in Sources */,
				3DF992AE1EA6974400EE8728 /* MainFilterView.swift in Sources */,
				3DD626551EAD85E100AC7E8D /* CustomPartViewController.swift in Sources */,
				0A8688961E9C6862005D1B07 /* Parts.swift in Sources */,
				0A96FF461EA6D25500577128 /* MainBuilderView.swift in Sources */,
				0AD7C0891EAD88F6007ACD4D /* UserBuilds.swift in Sources */,
				0AF257491E982CCA00D9F312 /* UserBuildsViewController.swift in Sources */,
				0A8537AC1EA8331800185DFA /* CategoryCellView.swift in Sources */,
				3DB036B31E9C46CF003D7FAD /* NavigationFilterInterfaceViewController.swift in Sources */,
				0AA8A7751EAAA1F800FFBBAA /* SpecificPartPageView.swift in Sources */,
				0AF257471E982CCA00D9F312 /* AppDelegate.swift in Sources */,
				0AA8A7731EAAA06500FFBBAA /* SpecificPartPageController.swift in Sources */,
				0A8537AA1EA832D200185DFA /* CategoryViewController.swift in Sources */,
				0AF2575B1E98434E00D9F312 /* BuildInterfaceView.swift in Sources */,
				3DD626571EAD85F100AC7E8D /* CustomPartView.swift in Sources */,
			);
			runOnlyForDeploymentPostprocessing = 0;
		};
/* End PBXSourcesBuildPhase section */

/* Begin XCBuildConfiguration section */
		0AF257531E982CCA00D9F312 /* Debug */ = {
			isa = XCBuildConfiguration;
			buildSettings = {
				ALWAYS_SEARCH_USER_PATHS = NO;
				CLANG_ANALYZER_NONNULL = YES;
				CLANG_CXX_LANGUAGE_STANDARD = "gnu++0x";
				CLANG_CXX_LIBRARY = "libc++";
				CLANG_ENABLE_MODULES = YES;
				CLANG_ENABLE_OBJC_ARC = YES;
				CLANG_WARN_BOOL_CONVERSION = YES;
				CLANG_WARN_CONSTANT_CONVERSION = YES;
				CLANG_WARN_DIRECT_OBJC_ISA_USAGE = YES_ERROR;
				CLANG_WARN_DOCUMENTATION_COMMENTS = YES;
				CLANG_WARN_EMPTY_BODY = YES;
				CLANG_WARN_ENUM_CONVERSION = YES;
				CLANG_WARN_INFINITE_RECURSION = YES;
				CLANG_WARN_INT_CONVERSION = YES;
				CLANG_WARN_OBJC_ROOT_CLASS = YES_ERROR;
				CLANG_WARN_SUSPICIOUS_MOVE = YES;
				CLANG_WARN_UNREACHABLE_CODE = YES;
				CLANG_WARN__DUPLICATE_METHOD_MATCH = YES;
				"CODE_SIGN_IDENTITY[sdk=iphoneos*]" = "iPhone Developer";
				COPY_PHASE_STRIP = NO;
				DEBUG_INFORMATION_FORMAT = dwarf;
				ENABLE_STRICT_OBJC_MSGSEND = YES;
				ENABLE_TESTABILITY = YES;
				GCC_C_LANGUAGE_STANDARD = gnu99;
				GCC_DYNAMIC_NO_PIC = NO;
				GCC_NO_COMMON_BLOCKS = YES;
				GCC_OPTIMIZATION_LEVEL = 0;
				GCC_PREPROCESSOR_DEFINITIONS = (
					"DEBUG=1",
					"$(inherited)",
				);
				GCC_WARN_64_TO_32_BIT_CONVERSION = YES;
				GCC_WARN_ABOUT_RETURN_TYPE = YES_ERROR;
				GCC_WARN_UNDECLARED_SELECTOR = YES;
				GCC_WARN_UNINITIALIZED_AUTOS = YES_AGGRESSIVE;
				GCC_WARN_UNUSED_FUNCTION = YES;
				GCC_WARN_UNUSED_VARIABLE = YES;
				IPHONEOS_DEPLOYMENT_TARGET = 10.2;
				MTL_ENABLE_DEBUG_INFO = YES;
				ONLY_ACTIVE_ARCH = YES;
				SDKROOT = iphoneos;
				SWIFT_ACTIVE_COMPILATION_CONDITIONS = DEBUG;
				SWIFT_OPTIMIZATION_LEVEL = "-Onone";
				TARGETED_DEVICE_FAMILY = "1,2";
			};
			name = Debug;
		};
		0AF257541E982CCA00D9F312 /* Release */ = {
			isa = XCBuildConfiguration;
			buildSettings = {
				ALWAYS_SEARCH_USER_PATHS = NO;
				CLANG_ANALYZER_NONNULL = YES;
				CLANG_CXX_LANGUAGE_STANDARD = "gnu++0x";
				CLANG_CXX_LIBRARY = "libc++";
				CLANG_ENABLE_MODULES = YES;
				CLANG_ENABLE_OBJC_ARC = YES;
				CLANG_WARN_BOOL_CONVERSION = YES;
				CLANG_WARN_CONSTANT_CONVERSION = YES;
				CLANG_WARN_DIRECT_OBJC_ISA_USAGE = YES_ERROR;
				CLANG_WARN_DOCUMENTATION_COMMENTS = YES;
				CLANG_WARN_EMPTY_BODY = YES;
				CLANG_WARN_ENUM_CONVERSION = YES;
				CLANG_WARN_INFINITE_RECURSION = YES;
				CLANG_WARN_INT_CONVERSION = YES;
				CLANG_WARN_OBJC_ROOT_CLASS = YES_ERROR;
				CLANG_WARN_SUSPICIOUS_MOVE = YES;
				CLANG_WARN_UNREACHABLE_CODE = YES;
				CLANG_WARN__DUPLICATE_METHOD_MATCH = YES;
				"CODE_SIGN_IDENTITY[sdk=iphoneos*]" = "iPhone Developer";
				COPY_PHASE_STRIP = NO;
				DEBUG_INFORMATION_FORMAT = "dwarf-with-dsym";
				ENABLE_NS_ASSERTIONS = NO;
				ENABLE_STRICT_OBJC_MSGSEND = YES;
				GCC_C_LANGUAGE_STANDARD = gnu99;
				GCC_NO_COMMON_BLOCKS = YES;
				GCC_WARN_64_TO_32_BIT_CONVERSION = YES;
				GCC_WARN_ABOUT_RETURN_TYPE = YES_ERROR;
				GCC_WARN_UNDECLARED_SELECTOR = YES;
				GCC_WARN_UNINITIALIZED_AUTOS = YES_AGGRESSIVE;
				GCC_WARN_UNUSED_FUNCTION = YES;
				GCC_WARN_UNUSED_VARIABLE = YES;
				IPHONEOS_DEPLOYMENT_TARGET = 10.2;
				MTL_ENABLE_DEBUG_INFO = NO;
				SDKROOT = iphoneos;
				SWIFT_OPTIMIZATION_LEVEL = "-Owholemodule";
				TARGETED_DEVICE_FAMILY = "1,2";
				VALIDATE_PRODUCT = YES;
			};
			name = Release;
		};
		0AF257561E982CCA00D9F312 /* Debug */ = {
			isa = XCBuildConfiguration;
			buildSettings = {
				ASSETCATALOG_COMPILER_APPICON_NAME = AppIcon;
				INFOPLIST_FILE = PCBuilderGuide/Info.plist;
				LD_RUNPATH_SEARCH_PATHS = "$(inherited) @executable_path/Frameworks";
				PRODUCT_BUNDLE_IDENTIFIER = "Fenn-Phelps.PCBuilderGuide";
				PRODUCT_NAME = "$(TARGET_NAME)";
				SWIFT_VERSION = 3.0;
			};
			name = Debug;
		};
		0AF257571E982CCA00D9F312 /* Release */ = {
			isa = XCBuildConfiguration;
			buildSettings = {
				ASSETCATALOG_COMPILER_APPICON_NAME = AppIcon;
				INFOPLIST_FILE = PCBuilderGuide/Info.plist;
				LD_RUNPATH_SEARCH_PATHS = "$(inherited) @executable_path/Frameworks";
				PRODUCT_BUNDLE_IDENTIFIER = "Fenn-Phelps.PCBuilderGuide";
				PRODUCT_NAME = "$(TARGET_NAME)";
				SWIFT_VERSION = 3.0;
			};
			name = Release;
		};
/* End XCBuildConfiguration section */

/* Begin XCConfigurationList section */
		0AF2573E1E982CC900D9F312 /* Build configuration list for PBXProject "PCBuilderGuide" */ = {
			isa = XCConfigurationList;
			buildConfigurations = (
				0AF257531E982CCA00D9F312 /* Debug */,
				0AF257541E982CCA00D9F312 /* Release */,
			);
			defaultConfigurationIsVisible = 0;
			defaultConfigurationName = Release;
		};
		0AF257551E982CCA00D9F312 /* Build configuration list for PBXNativeTarget "PCBuilderGuide" */ = {
			isa = XCConfigurationList;
			buildConfigurations = (
				0AF257561E982CCA00D9F312 /* Debug */,
				0AF257571E982CCA00D9F312 /* Release */,
			);
			defaultConfigurationIsVisible = 0;
			defaultConfigurationName = Release;
		};
/* End XCConfigurationList section */
	};
	rootObject = 0AF2573B1E982CC900D9F312 /* Project object */;
}
